
Microsoft Visual Studio Solution File, Format Version 12.00
# Visual Studio Version 16
VisualStudioVersion = 16.0.31613.86
MinimumVisualStudioVersion = 10.0.40219.1
Project("{9A19103F-16F7-4668-BE54-9A1E7A4F7556}") = "sample", "sample\sample.csproj", "{CAE1CAF0-08F4-4578-863F-B69CEDAE55B6}"
EndProject
Project("{9A19103F-16F7-4668-BE54-9A1E7A4F7556}") = "sample.Core", "sample.core\sample.Core.csproj", "{764AF16B-FFF6-4905-8716-A2FFC6871808}"
EndProject
Project("{9A19103F-16F7-4668-BE54-9A1E7A4F7556}") = "sample.Data", "sample.data\sample.Data.csproj", "{2856FA92-17F0-441A-B785-9B53E3FA6F67}"
EndProject
Project("{9A19103F-16F7-4668-BE54-9A1E7A4F7556}") = "sample.DataStorage", "sample.dataStorage\sample.DataStorage.csproj", "{04818BD2-6670-4BCA-B7AE-278A64B7D17A}"
EndProject
Global
	GlobalSection(SolutionConfigurationPlatforms) = preSolution
		Debug|Any CPU = Debug|Any CPU
		Release|Any CPU = Release|Any CPU
	EndGlobalSection
	GlobalSection(ProjectConfigurationPlatforms) = postSolution
		{CAE1CAF0-08F4-4578-863F-B69CEDAE55B6}.Debug|Any CPU.ActiveCfg = Debug|Any CPU
		{CAE1CAF0-08F4-4578-863F-B69CEDAE55B6}.Debug|Any CPU.Build.0 = Debug|Any CPU
		{CAE1CAF0-08F4-4578-863F-B69CEDAE55B6}.Release|Any CPU.ActiveCfg = Release|Any CPU
		{CAE1CAF0-08F4-4578-863F-B69CEDAE55B6}.Release|Any CPU.Build.0 = Release|Any CPU
		{764AF16B-FFF6-4905-8716-A2FFC6871808}.Debug|Any CPU.ActiveCfg = Debug|Any CPU
		{764AF16B-FFF6-4905-8716-A2FFC6871808}.Debug|Any CPU.Build.0 = Debug|Any CPU
		{764AF16B-FFF6-4905-8716-A2FFC6871808}.Release|Any CPU.ActiveCfg = Release|Any CPU
		{764AF16B-FFF6-4905-8716-A2FFC6871808}.Release|Any CPU.Build.0 = Release|Any CPU
		{2856FA92-17F0-441A-B785-9B53E3FA6F67}.Debug|Any CPU.ActiveCfg = Debug|Any CPU
		{2856FA92-17F0-441A-B785-9B53E3FA6F67}.Debug|Any CPU.Build.0 = Debug|Any CPU
		{2856FA92-17F0-441A-B785-9B53E3FA6F67}.Release|Any CPU.ActiveCfg = Release|Any CPU
		{2856FA92-17F0-441A-B785-9B53E3FA6F67}.Release|Any CPU.Build.0 = Release|Any CPU
		{04818BD2-6670-4BCA-B7AE-278A64B7D17A}.Debug|Any CPU.ActiveCfg = Debug|Any CPU
		{04818BD2-6670-4BCA-B7AE-278A64B7D17A}.Debug|Any CPU.Build.0 = Debug|Any CPU
		{04818BD2-6670-4BCA-B7AE-278A64B7D17A}.Release|Any CPU.ActiveCfg = Release|Any CPU
		{04818BD2-6670-4BCA-B7AE-278A64B7D17A}.Release|Any CPU.Build.0 = Release|Any CPU
	EndGlobalSection
	GlobalSection(SolutionProperties) = preSolution
		HideSolutionNode = FALSE
	EndGlobalSection
	GlobalSection(ExtensibilityGlobals) = postSolution
		SolutionGuid = {2F31A409-75B8-4323-9792-79DEB3A8B3AF}
	EndGlobalSection
EndGlobal
